
Microsoft Visual Studio Solution File, Format Version 12.00
# Visual Studio 15
VisualStudioVersion = 15.0.26124.0
MinimumVisualStudioVersion = 15.0.26124.0
Project("{FAE04EC0-301F-11D3-BF4B-00C04F79EFBC}") = "EverisStore.Api", "..\1 - EverisStore.Api\EverisStore.Api.csproj", "{B39C621E-5C30-439C-9C66-BD8D5482B2E6}"
EndProject
Project("{FAE04EC0-301F-11D3-BF4B-00C04F79EFBC}") = "2 - EverisStore.Domain", "..\2 - EverisStore.Domain\2 - EverisStore.Domain.csproj", "{4A543BAE-C34E-43E9-BF1A-7DBED9696AEC}"
EndProject
Project("{FAE04EC0-301F-11D3-BF4B-00C04F79EFBC}") = "3 - EverisStore.Services", "..\3 - EverisStore.Services\3 - EverisStore.Services.csproj", "{EC9B263F-D50C-4387-841C-A0572E8A0B0C}"
EndProject
Project("{FAE04EC0-301F-11D3-BF4B-00C04F79EFBC}") = "4 - EverisStore.Infra", "..\4 - EverisStore.Infra\4 - EverisStore.Infra.csproj", "{E82ACCDA-E07C-4238-97D0-C001F374CFBC}"
EndProject
Project("{FAE04EC0-301F-11D3-BF4B-00C04F79EFBC}") = "5 - EverisStore.Core", "..\5 - EverisStore.Core\5 - EverisStore.Core.csproj", "{94FBB019-0507-45EB-B7CE-31230447EF0E}"
EndProject
Global
	GlobalSection(SolutionConfigurationPlatforms) = preSolution
		Debug|Any CPU = Debug|Any CPU
		Debug|x64 = Debug|x64
		Debug|x86 = Debug|x86
		Release|Any CPU = Release|Any CPU
		Release|x64 = Release|x64
		Release|x86 = Release|x86
	EndGlobalSection
	GlobalSection(SolutionProperties) = preSolution
		HideSolutionNode = FALSE
	EndGlobalSection
	GlobalSection(ProjectConfigurationPlatforms) = postSolution
		{B39C621E-5C30-439C-9C66-BD8D5482B2E6}.Debug|Any CPU.ActiveCfg = Debug|Any CPU
		{B39C621E-5C30-439C-9C66-BD8D5482B2E6}.Debug|Any CPU.Build.0 = Debug|Any CPU
		{B39C621E-5C30-439C-9C66-BD8D5482B2E6}.Debug|x64.ActiveCfg = Debug|Any CPU
		{B39C621E-5C30-439C-9C66-BD8D5482B2E6}.Debug|x64.Build.0 = Debug|Any CPU
		{B39C621E-5C30-439C-9C66-BD8D5482B2E6}.Debug|x86.ActiveCfg = Debug|Any CPU
		{B39C621E-5C30-439C-9C66-BD8D5482B2E6}.Debug|x86.Build.0 = Debug|Any CPU
		{B39C621E-5C30-439C-9C66-BD8D5482B2E6}.Release|Any CPU.ActiveCfg = Release|Any CPU
		{B39C621E-5C30-439C-9C66-BD8D5482B2E6}.Release|Any CPU.Build.0 = Release|Any CPU
		{B39C621E-5C30-439C-9C66-BD8D5482B2E6}.Release|x64.ActiveCfg = Release|Any CPU
		{B39C621E-5C30-439C-9C66-BD8D5482B2E6}.Release|x64.Build.0 = Release|Any CPU
		{B39C621E-5C30-439C-9C66-BD8D5482B2E6}.Release|x86.ActiveCfg = Release|Any CPU
		{B39C621E-5C30-439C-9C66-BD8D5482B2E6}.Release|x86.Build.0 = Release|Any CPU
		{4A543BAE-C34E-43E9-BF1A-7DBED9696AEC}.Debug|Any CPU.ActiveCfg = Debug|Any CPU
		{4A543BAE-C34E-43E9-BF1A-7DBED9696AEC}.Debug|Any CPU.Build.0 = Debug|Any CPU
		{4A543BAE-C34E-43E9-BF1A-7DBED9696AEC}.Debug|x64.ActiveCfg = Debug|Any CPU
		{4A543BAE-C34E-43E9-BF1A-7DBED9696AEC}.Debug|x64.Build.0 = Debug|Any CPU
		{4A543BAE-C34E-43E9-BF1A-7DBED9696AEC}.Debug|x86.ActiveCfg = Debug|Any CPU
		{4A543BAE-C34E-43E9-BF1A-7DBED9696AEC}.Debug|x86.Build.0 = Debug|Any CPU
		{4A543BAE-C34E-43E9-BF1A-7DBED9696AEC}.Release|Any CPU.ActiveCfg = Release|Any CPU
		{4A543BAE-C34E-43E9-BF1A-7DBED9696AEC}.Release|Any CPU.Build.0 = Release|Any CPU
		{4A543BAE-C34E-43E9-BF1A-7DBED9696AEC}.Release|x64.ActiveCfg = Release|Any CPU
		{4A543BAE-C34E-43E9-BF1A-7DBED9696AEC}.Release|x64.Build.0 = Release|Any CPU
		{4A543BAE-C34E-43E9-BF1A-7DBED9696AEC}.Release|x86.ActiveCfg = Release|Any CPU
		{4A543BAE-C34E-43E9-BF1A-7DBED9696AEC}.Release|x86.Build.0 = Release|Any CPU
		{EC9B263F-D50C-4387-841C-A0572E8A0B0C}.Debug|Any CPU.ActiveCfg = Debug|Any CPU
		{EC9B263F-D50C-4387-841C-A0572E8A0B0C}.Debug|Any CPU.Build.0 = Debug|Any CPU
		{EC9B263F-D50C-4387-841C-A0572E8A0B0C}.Debug|x64.ActiveCfg = Debug|Any CPU
		{EC9B263F-D50C-4387-841C-A0572E8A0B0C}.Debug|x64.Build.0 = Debug|Any CPU
		{EC9B263F-D50C-4387-841C-A0572E8A0B0C}.Debug|x86.ActiveCfg = Debug|Any CPU
		{EC9B263F-D50C-4387-841C-A0572E8A0B0C}.Debug|x86.Build.0 = Debug|Any CPU
		{EC9B263F-D50C-4387-841C-A0572E8A0B0C}.Release|Any CPU.ActiveCfg = Release|Any CPU
		{EC9B263F-D50C-4387-841C-A0572E8A0B0C}.Release|Any CPU.Build.0 = Release|Any CPU
		{EC9B263F-D50C-4387-841C-A0572E8A0B0C}.Release|x64.ActiveCfg = Release|Any CPU
		{EC9B263F-D50C-4387-841C-A0572E8A0B0C}.Release|x64.Build.0 = Release|Any CPU
		{EC9B263F-D50C-4387-841C-A0572E8A0B0C}.Release|x86.ActiveCfg = Release|Any CPU
		{EC9B263F-D50C-4387-841C-A0572E8A0B0C}.Release|x86.Build.0 = Release|Any CPU
		{E82ACCDA-E07C-4238-97D0-C001F374CFBC}.Debug|Any CPU.ActiveCfg = Debug|Any CPU
		{E82ACCDA-E07C-4238-97D0-C001F374CFBC}.Debug|Any CPU.Build.0 = Debug|Any CPU
		{E82ACCDA-E07C-4238-97D0-C001F374CFBC}.Debug|x64.ActiveCfg = Debug|Any CPU
		{E82ACCDA-E07C-4238-97D0-C001F374CFBC}.Debug|x64.Build.0 = Debug|Any CPU
		{E82ACCDA-E07C-4238-97D0-C001F374CFBC}.Debug|x86.ActiveCfg = Debug|Any CPU
		{E82ACCDA-E07C-4238-97D0-C001F374CFBC}.Debug|x86.Build.0 = Debug|Any CPU
		{E82ACCDA-E07C-4238-97D0-C001F374CFBC}.Release|Any CPU.ActiveCfg = Release|Any CPU
		{E82ACCDA-E07C-4238-97D0-C001F374CFBC}.Release|Any CPU.Build.0 = Release|Any CPU
		{E82ACCDA-E07C-4238-97D0-C001F374CFBC}.Release|x64.ActiveCfg = Release|Any CPU
		{E82ACCDA-E07C-4238-97D0-C001F374CFBC}.Release|x64.Build.0 = Release|Any CPU
		{E82ACCDA-E07C-4238-97D0-C001F374CFBC}.Release|x86.ActiveCfg = Release|Any CPU
		{E82ACCDA-E07C-4238-97D0-C001F374CFBC}.Release|x86.Build.0 = Release|Any CPU
		{94FBB019-0507-45EB-B7CE-31230447EF0E}.Debug|Any CPU.ActiveCfg = Debug|Any CPU
		{94FBB019-0507-45EB-B7CE-31230447EF0E}.Debug|Any CPU.Build.0 = Debug|Any CPU
		{94FBB019-0507-45EB-B7CE-31230447EF0E}.Debug|x64.ActiveCfg = Debug|Any CPU
		{94FBB019-0507-45EB-B7CE-31230447EF0E}.Debug|x64.Build.0 = Debug|Any CPU
		{94FBB019-0507-45EB-B7CE-31230447EF0E}.Debug|x86.ActiveCfg = Debug|Any CPU
		{94FBB019-0507-45EB-B7CE-31230447EF0E}.Debug|x86.Build.0 = Debug|Any CPU
		{94FBB019-0507-45EB-B7CE-31230447EF0E}.Release|Any CPU.ActiveCfg = Release|Any CPU
		{94FBB019-0507-45EB-B7CE-31230447EF0E}.Release|Any CPU.Build.0 = Release|Any CPU
		{94FBB019-0507-45EB-B7CE-31230447EF0E}.Release|x64.ActiveCfg = Release|Any CPU
		{94FBB019-0507-45EB-B7CE-31230447EF0E}.Release|x64.Build.0 = Release|Any CPU
		{94FBB019-0507-45EB-B7CE-31230447EF0E}.Release|x86.ActiveCfg = Release|Any CPU
		{94FBB019-0507-45EB-B7CE-31230447EF0E}.Release|x86.Build.0 = Release|Any CPU
	EndGlobalSection
EndGlobal
