
Microsoft Visual Studio Solution File, Format Version 12.00
# Visual Studio 15
VisualStudioVersion = 15.0.26124.0
MinimumVisualStudioVersion = 15.0.26124.0
Project("{FAE04EC0-301F-11D3-BF4B-00C04F79EFBC}") = "EverisStore.Api", "..\1 - EverisStore.Api\EverisStore.Api.csproj", "{B39C621E-5C30-439C-9C66-BD8D5482B2E6}"
EndProject
Project("{FAE04EC0-301F-11D3-BF4B-00C04F79EFBC}") = "2 - EverisStore.Domain", "..\2 - EverisStore.Domain\2 - EverisStore.Domain.csproj", "{4A543BAE-C34E-43E9-BF1A-7DBED9696AEC}"
EndProject
Global
	GlobalSection(SolutionConfigurationPlatforms) = preSolution
		Debug|Any CPU = Debug|Any CPU
		Debug|x64 = Debug|x64
		Debug|x86 = Debug|x86
		Release|Any CPU = Release|Any CPU
		Release|x64 = Release|x64
		Release|x86 = Release|x86
	EndGlobalSection
	GlobalSection(SolutionProperties) = preSolution
		HideSolutionNode = FALSE
	EndGlobalSection
	GlobalSection(ProjectConfigurationPlatforms) = postSolution
		{B39C621E-5C30-439C-9C66-BD8D5482B2E6}.Debug|Any CPU.ActiveCfg = Debug|Any CPU
		{B39C621E-5C30-439C-9C66-BD8D5482B2E6}.Debug|Any CPU.Build.0 = Debug|Any CPU
		{B39C621E-5C30-439C-9C66-BD8D5482B2E6}.Debug|x64.ActiveCfg = Debug|Any CPU
		{B39C621E-5C30-439C-9C66-BD8D5482B2E6}.Debug|x64.Build.0 = Debug|Any CPU
		{B39C621E-5C30-439C-9C66-BD8D5482B2E6}.Debug|x86.ActiveCfg = Debug|Any CPU
		{B39C621E-5C30-439C-9C66-BD8D5482B2E6}.Debug|x86.Build.0 = Debug|Any CPU
		{B39C621E-5C30-439C-9C66-BD8D5482B2E6}.Release|Any CPU.ActiveCfg = Release|Any CPU
		{B39C621E-5C30-439C-9C66-BD8D5482B2E6}.Release|Any CPU.Build.0 = Release|Any CPU
		{B39C621E-5C30-439C-9C66-BD8D5482B2E6}.Release|x64.ActiveCfg = Release|Any CPU
		{B39C621E-5C30-439C-9C66-BD8D5482B2E6}.Release|x64.Build.0 = Release|Any CPU
		{B39C621E-5C30-439C-9C66-BD8D5482B2E6}.Release|x86.ActiveCfg = Release|Any CPU
		{B39C621E-5C30-439C-9C66-BD8D5482B2E6}.Release|x86.Build.0 = Release|Any CPU
		{4A543BAE-C34E-43E9-BF1A-7DBED9696AEC}.Debug|Any CPU.ActiveCfg = Debug|Any CPU
		{4A543BAE-C34E-43E9-BF1A-7DBED9696AEC}.Debug|Any CPU.Build.0 = Debug|Any CPU
		{4A543BAE-C34E-43E9-BF1A-7DBED9696AEC}.Debug|x64.ActiveCfg = Debug|Any CPU
		{4A543BAE-C34E-43E9-BF1A-7DBED9696AEC}.Debug|x64.Build.0 = Debug|Any CPU
		{4A543BAE-C34E-43E9-BF1A-7DBED9696AEC}.Debug|x86.ActiveCfg = Debug|Any CPU
		{4A543BAE-C34E-43E9-BF1A-7DBED9696AEC}.Debug|x86.Build.0 = Debug|Any CPU
		{4A543BAE-C34E-43E9-BF1A-7DBED9696AEC}.Release|Any CPU.ActiveCfg = Release|Any CPU
		{4A543BAE-C34E-43E9-BF1A-7DBED9696AEC}.Release|Any CPU.Build.0 = Release|Any CPU
		{4A543BAE-C34E-43E9-BF1A-7DBED9696AEC}.Release|x64.ActiveCfg = Release|Any CPU
		{4A543BAE-C34E-43E9-BF1A-7DBED9696AEC}.Release|x64.Build.0 = Release|Any CPU
		{4A543BAE-C34E-43E9-BF1A-7DBED9696AEC}.Release|x86.ActiveCfg = Release|Any CPU
		{4A543BAE-C34E-43E9-BF1A-7DBED9696AEC}.Release|x86.Build.0 = Release|Any CPU
	EndGlobalSection
EndGlobal
